
Microsoft Visual Studio Solution File, Format Version 10.00
# Visual Studio 2008
Project("{FAE04EC0-301F-11D3-BF4B-00C04F79EFBC}") = "Leads_Download_2App", "test_msu\Leads_Download_2App.csproj", "{EDE99763-C48E-4BE8-A8CE-E740C3FBF92D}"
EndProject
Project("{54435603-DBB4-11D2-8724-00A0C9A8B90C}") = "LeadsDownload-2", "LeadsDownload-2\LeadsDownload-2.vdproj", "{D556AA58-5534-43A6-A1AB-0F9025C61CE0}"
EndProject
Global
	GlobalSection(SolutionConfigurationPlatforms) = preSolution
		Debug|Any CPU = Debug|Any CPU
		Release|Any CPU = Release|Any CPU
	EndGlobalSection
	GlobalSection(ProjectConfigurationPlatforms) = postSolution
		{EDE99763-C48E-4BE8-A8CE-E740C3FBF92D}.Debug|Any CPU.ActiveCfg = Debug|Any CPU
		{EDE99763-C48E-4BE8-A8CE-E740C3FBF92D}.Debug|Any CPU.Build.0 = Debug|Any CPU
		{EDE99763-C48E-4BE8-A8CE-E740C3FBF92D}.Release|Any CPU.ActiveCfg = Release|Any CPU
		{EDE99763-C48E-4BE8-A8CE-E740C3FBF92D}.Release|Any CPU.Build.0 = Release|Any CPU
		{D556AA58-5534-43A6-A1AB-0F9025C61CE0}.Debug|Any CPU.ActiveCfg = Debug
		{D556AA58-5534-43A6-A1AB-0F9025C61CE0}.Release|Any CPU.ActiveCfg = Release
	EndGlobalSection
	GlobalSection(SolutionProperties) = preSolution
		HideSolutionNode = FALSE
	EndGlobalSection
EndGlobal
